{
  "originHash" : "b39003fb5660d05da7fb827c4be0dbe598e5eeb36acded0871a5c5de8d46513e",
  "pins" : [
    {
      "identity" : "izzigradient",
      "kind" : "remoteSourceControl",
      "location" : "https://github.com/Desp0o/izziGradient.git",
      "state" : {
        "branch" : "main",
        "revision" : "5aafc9c55b1f89eed7774a00da9437b2673e2cc0"
      }
    }
  ],
  "version" : 3
}
